
Microsoft Visual Studio Solution File, Format Version 12.00
# Visual Studio 15
VisualStudioVersion = 15.0.28010.2003
MinimumVisualStudioVersion = 10.0.40219.1
Project("{888888A0-9F3D-457C-B088-3A5042F75D52}") = "NonAdjacentSum", "NonAdjacentSum\NonAdjacentSum.pyproj", "{09DBCF3E-FD3B-4C92-B058-6741D865D377}"
EndProject
Global
	GlobalSection(SolutionConfigurationPlatforms) = preSolution
		Debug|Any CPU = Debug|Any CPU
		Release|Any CPU = Release|Any CPU
	EndGlobalSection
	GlobalSection(ProjectConfigurationPlatforms) = postSolution
		{09DBCF3E-FD3B-4C92-B058-6741D865D377}.Debug|Any CPU.ActiveCfg = Debug|Any CPU
		{09DBCF3E-FD3B-4C92-B058-6741D865D377}.Release|Any CPU.ActiveCfg = Release|Any CPU
	EndGlobalSection
	GlobalSection(SolutionProperties) = preSolution
		HideSolutionNode = FALSE
	EndGlobalSection
	GlobalSection(ExtensibilityGlobals) = postSolution
		SolutionGuid = {0703BD62-2E12-4E28-908F-CD6B947A9B77}
	EndGlobalSection
EndGlobal
